
Microsoft Visual Studio Solution File, Format Version 12.00
# Visual Studio Version 17
VisualStudioVersion = 17.11.35312.102
MinimumVisualStudioVersion = 10.0.40219.1
Project("{FAE04EC0-301F-11D3-BF4B-00C04F79EFBC}") = "Person Details", "Person Details.csproj", "{289D19B1-8048-45F7-AAF6-47209BA6EE44}"
EndProject
Project("{FAE04EC0-301F-11D3-BF4B-00C04F79EFBC}") = "Method Overloading(2)", "..\Method Overloading(2)\Method Overloading(2).csproj", "{E6BD5B23-3CA4-4794-BAAF-94D720348163}"
EndProject
Project("{FAE04EC0-301F-11D3-BF4B-00C04F79EFBC}") = "PrepareBill(3)", "..\PrepareBill(3)\PrepareBill(3).csproj", "{C8FBEA45-CC14-46D8-9E3D-81FDB9D0FAD9}"
EndProject
Project("{FAE04EC0-301F-11D3-BF4B-00C04F79EFBC}") = "Delegate", "..\Delegate\Delegate.csproj", "{AB1618F9-F805-4550-A8F1-D8789C7129CA}"
EndProject
Project("{FAE04EC0-301F-11D3-BF4B-00C04F79EFBC}") = "Broadband Plan(4)", "..\Broadband Plan(4)\Broadband Plan(4).csproj", "{070ABF8F-4021-48F7-8E04-AF56DF93AB5A}"
EndProject
Global
	GlobalSection(SolutionConfigurationPlatforms) = preSolution
		Debug|Any CPU = Debug|Any CPU
		Release|Any CPU = Release|Any CPU
	EndGlobalSection
	GlobalSection(ProjectConfigurationPlatforms) = postSolution
		{289D19B1-8048-45F7-AAF6-47209BA6EE44}.Debug|Any CPU.ActiveCfg = Debug|Any CPU
		{289D19B1-8048-45F7-AAF6-47209BA6EE44}.Debug|Any CPU.Build.0 = Debug|Any CPU
		{289D19B1-8048-45F7-AAF6-47209BA6EE44}.Release|Any CPU.ActiveCfg = Release|Any CPU
		{289D19B1-8048-45F7-AAF6-47209BA6EE44}.Release|Any CPU.Build.0 = Release|Any CPU
		{E6BD5B23-3CA4-4794-BAAF-94D720348163}.Debug|Any CPU.ActiveCfg = Debug|Any CPU
		{E6BD5B23-3CA4-4794-BAAF-94D720348163}.Debug|Any CPU.Build.0 = Debug|Any CPU
		{E6BD5B23-3CA4-4794-BAAF-94D720348163}.Release|Any CPU.ActiveCfg = Release|Any CPU
		{E6BD5B23-3CA4-4794-BAAF-94D720348163}.Release|Any CPU.Build.0 = Release|Any CPU
		{C8FBEA45-CC14-46D8-9E3D-81FDB9D0FAD9}.Debug|Any CPU.ActiveCfg = Debug|Any CPU
		{C8FBEA45-CC14-46D8-9E3D-81FDB9D0FAD9}.Debug|Any CPU.Build.0 = Debug|Any CPU
		{C8FBEA45-CC14-46D8-9E3D-81FDB9D0FAD9}.Release|Any CPU.ActiveCfg = Release|Any CPU
		{C8FBEA45-CC14-46D8-9E3D-81FDB9D0FAD9}.Release|Any CPU.Build.0 = Release|Any CPU
		{AB1618F9-F805-4550-A8F1-D8789C7129CA}.Debug|Any CPU.ActiveCfg = Debug|Any CPU
		{AB1618F9-F805-4550-A8F1-D8789C7129CA}.Debug|Any CPU.Build.0 = Debug|Any CPU
		{AB1618F9-F805-4550-A8F1-D8789C7129CA}.Release|Any CPU.ActiveCfg = Release|Any CPU
		{AB1618F9-F805-4550-A8F1-D8789C7129CA}.Release|Any CPU.Build.0 = Release|Any CPU
		{070ABF8F-4021-48F7-8E04-AF56DF93AB5A}.Debug|Any CPU.ActiveCfg = Debug|Any CPU
		{070ABF8F-4021-48F7-8E04-AF56DF93AB5A}.Debug|Any CPU.Build.0 = Debug|Any CPU
		{070ABF8F-4021-48F7-8E04-AF56DF93AB5A}.Release|Any CPU.ActiveCfg = Release|Any CPU
		{070ABF8F-4021-48F7-8E04-AF56DF93AB5A}.Release|Any CPU.Build.0 = Release|Any CPU
	EndGlobalSection
	GlobalSection(SolutionProperties) = preSolution
		HideSolutionNode = FALSE
	EndGlobalSection
	GlobalSection(ExtensibilityGlobals) = postSolution
		SolutionGuid = {9ED28F01-56D1-46A1-B368-DD9BAD3DC867}
	EndGlobalSection
EndGlobal
